
Microsoft Visual Studio Solution File, Format Version 12.00
# Visual Studio Version 17
VisualStudioVersion = 17.8.34511.84
MinimumVisualStudioVersion = 10.0.40219.1
Project("{8BC9CEB8-8B4A-11D0-8D11-00A0C91BC942}") = "ProjektII-SkracanieIPv6", "ProjektII-SkracanieIPv6.vcxproj", "{DA3F6774-2E53-47CF-BBCD-2FAFF40D39A7}"
EndProject
Project("{8BC9CEB8-8B4A-11D0-8D11-00A0C91BC942}") = "ProjektII-Testy", "..\ProjektII-Testy\ProjektII-Testy.vcxproj", "{67CD7D4D-D6AE-4A0C-98FE-0424005247FC}"
EndProject
Global
	GlobalSection(SolutionConfigurationPlatforms) = preSolution
		Debug|x64 = Debug|x64
		Debug|x86 = Debug|x86
		Release|x64 = Release|x64
		Release|x86 = Release|x86
	EndGlobalSection
	GlobalSection(ProjectConfigurationPlatforms) = postSolution
		{DA3F6774-2E53-47CF-BBCD-2FAFF40D39A7}.Debug|x64.ActiveCfg = Debug|x64
		{DA3F6774-2E53-47CF-BBCD-2FAFF40D39A7}.Debug|x64.Build.0 = Debug|x64
		{DA3F6774-2E53-47CF-BBCD-2FAFF40D39A7}.Debug|x86.ActiveCfg = Debug|Win32
		{DA3F6774-2E53-47CF-BBCD-2FAFF40D39A7}.Debug|x86.Build.0 = Debug|Win32
		{DA3F6774-2E53-47CF-BBCD-2FAFF40D39A7}.Release|x64.ActiveCfg = Release|x64
		{DA3F6774-2E53-47CF-BBCD-2FAFF40D39A7}.Release|x64.Build.0 = Release|x64
		{DA3F6774-2E53-47CF-BBCD-2FAFF40D39A7}.Release|x86.ActiveCfg = Release|Win32
		{DA3F6774-2E53-47CF-BBCD-2FAFF40D39A7}.Release|x86.Build.0 = Release|Win32
		{67CD7D4D-D6AE-4A0C-98FE-0424005247FC}.Debug|x64.ActiveCfg = Debug|x64
		{67CD7D4D-D6AE-4A0C-98FE-0424005247FC}.Debug|x64.Build.0 = Debug|x64
		{67CD7D4D-D6AE-4A0C-98FE-0424005247FC}.Debug|x86.ActiveCfg = Debug|Win32
		{67CD7D4D-D6AE-4A0C-98FE-0424005247FC}.Debug|x86.Build.0 = Debug|Win32
		{67CD7D4D-D6AE-4A0C-98FE-0424005247FC}.Release|x64.ActiveCfg = Release|x64
		{67CD7D4D-D6AE-4A0C-98FE-0424005247FC}.Release|x64.Build.0 = Release|x64
		{67CD7D4D-D6AE-4A0C-98FE-0424005247FC}.Release|x86.ActiveCfg = Release|Win32
		{67CD7D4D-D6AE-4A0C-98FE-0424005247FC}.Release|x86.Build.0 = Release|Win32
	EndGlobalSection
	GlobalSection(SolutionProperties) = preSolution
		HideSolutionNode = FALSE
	EndGlobalSection
	GlobalSection(ExtensibilityGlobals) = postSolution
		SolutionGuid = {A1060B2F-5871-4F98-8EAA-C08058D502A5}
	EndGlobalSection
EndGlobal
